
Microsoft Visual Studio Solution File, Format Version 12.00
# Visual Studio Version 16
VisualStudioVersion = 16.0.31229.75
MinimumVisualStudioVersion = 10.0.40219.1
Project("{2150E333-8FDC-42A3-9474-1A3956D46DE8}") = "1 - Application", "1 - Application", "{1D19F736-7D49-4CB5-916C-09E70C067BBB}"
EndProject
Project("{2150E333-8FDC-42A3-9474-1A3956D46DE8}") = "2 - Domain", "2 - Domain", "{4E5B69F6-D9EC-4EEF-A6AD-E550E5EF3FDB}"
EndProject
Project("{2150E333-8FDC-42A3-9474-1A3956D46DE8}") = "3 - Service", "3 - Service", "{405C18EF-0DFC-4AB3-8DC7-37A9DE876E2D}"
EndProject
Project("{2150E333-8FDC-42A3-9474-1A3956D46DE8}") = "4 - Infra", "4 - Infra", "{0BA03410-DF23-443C-8E51-0C7C8DA10A72}"
EndProject
Project("{2150E333-8FDC-42A3-9474-1A3956D46DE8}") = "4.1 - Data", "4.1 - Data", "{AC7CDC99-9F50-4C01-BFA9-7018A4BC6D9A}"
EndProject
Project("{2150E333-8FDC-42A3-9474-1A3956D46DE8}") = "4.2 - CrossCutting", "4.2 - CrossCutting", "{A9CF44DF-D733-4120-A1F5-5ACBB3EDDD42}"
EndProject
Global
	GlobalSection(SolutionProperties) = preSolution
		HideSolutionNode = FALSE
	EndGlobalSection
	GlobalSection(NestedProjects) = preSolution
		{AC7CDC99-9F50-4C01-BFA9-7018A4BC6D9A} = {0BA03410-DF23-443C-8E51-0C7C8DA10A72}
		{A9CF44DF-D733-4120-A1F5-5ACBB3EDDD42} = {0BA03410-DF23-443C-8E51-0C7C8DA10A72}
	EndGlobalSection
	GlobalSection(ExtensibilityGlobals) = postSolution
		SolutionGuid = {836BD855-34A4-459A-A067-A8A5C2FF7B71}
	EndGlobalSection
EndGlobal
